
Microsoft Visual Studio Solution File, Format Version 12.00
# Visual Studio Version 17
VisualStudioVersion = 17.6.33723.286
MinimumVisualStudioVersion = 10.0.40219.1
Project("{2150E333-8FDC-42A3-9474-1A3956D46DE8}") = "FrontEnd", "FrontEnd", "{8B651A93-8A7E-4F7F-8B87-F57135D632AC}"
EndProject
Project("{2150E333-8FDC-42A3-9474-1A3956D46DE8}") = "Gateway", "Gateway", "{CDDFB930-161C-4779-927E-BF8D4ACE9DE7}"
EndProject
Project("{2150E333-8FDC-42A3-9474-1A3956D46DE8}") = "Integration", "Integration", "{73A77FE3-644F-4CA3-B914-E13B49C58304}"
EndProject
Project("{2150E333-8FDC-42A3-9474-1A3956D46DE8}") = "Service", "Service", "{6B62225C-7342-483C-964B-98B5AFC05459}"
EndProject
Project("{9A19103F-16F7-4668-BE54-9A1E7A4F7556}") = "Mango.Services.CouponAPI", "..\Mango.Services.API\Mango.Services.CouponAPI.csproj", "{73398B6C-1D17-4E94-B84F-C8CE06F869A9}"
EndProject
Project("{9A19103F-16F7-4668-BE54-9A1E7A4F7556}") = "CouponsWeb", "CouponsWeb\CouponsWeb.csproj", "{40F18280-4EEB-4609-8055-985A19D982E4}"
EndProject
Project("{9A19103F-16F7-4668-BE54-9A1E7A4F7556}") = "Mango.Services.AuthAPI", "Mango.Services.AuthAPI\Mango.Services.AuthAPI.csproj", "{061471F6-03EB-4307-A048-F4642F6A2DB7}"
EndProject
Global
	GlobalSection(SolutionConfigurationPlatforms) = preSolution
		Debug|Any CPU = Debug|Any CPU
		Release|Any CPU = Release|Any CPU
	EndGlobalSection
	GlobalSection(ProjectConfigurationPlatforms) = postSolution
		{73398B6C-1D17-4E94-B84F-C8CE06F869A9}.Debug|Any CPU.ActiveCfg = Debug|Any CPU
		{73398B6C-1D17-4E94-B84F-C8CE06F869A9}.Debug|Any CPU.Build.0 = Debug|Any CPU
		{73398B6C-1D17-4E94-B84F-C8CE06F869A9}.Release|Any CPU.ActiveCfg = Release|Any CPU
		{73398B6C-1D17-4E94-B84F-C8CE06F869A9}.Release|Any CPU.Build.0 = Release|Any CPU
		{40F18280-4EEB-4609-8055-985A19D982E4}.Debug|Any CPU.ActiveCfg = Debug|Any CPU
		{40F18280-4EEB-4609-8055-985A19D982E4}.Debug|Any CPU.Build.0 = Debug|Any CPU
		{40F18280-4EEB-4609-8055-985A19D982E4}.Release|Any CPU.ActiveCfg = Release|Any CPU
		{40F18280-4EEB-4609-8055-985A19D982E4}.Release|Any CPU.Build.0 = Release|Any CPU
		{061471F6-03EB-4307-A048-F4642F6A2DB7}.Debug|Any CPU.ActiveCfg = Debug|Any CPU
		{061471F6-03EB-4307-A048-F4642F6A2DB7}.Debug|Any CPU.Build.0 = Debug|Any CPU
		{061471F6-03EB-4307-A048-F4642F6A2DB7}.Release|Any CPU.ActiveCfg = Release|Any CPU
		{061471F6-03EB-4307-A048-F4642F6A2DB7}.Release|Any CPU.Build.0 = Release|Any CPU
	EndGlobalSection
	GlobalSection(SolutionProperties) = preSolution
		HideSolutionNode = FALSE
	EndGlobalSection
	GlobalSection(NestedProjects) = preSolution
		{73398B6C-1D17-4E94-B84F-C8CE06F869A9} = {6B62225C-7342-483C-964B-98B5AFC05459}
		{40F18280-4EEB-4609-8055-985A19D982E4} = {8B651A93-8A7E-4F7F-8B87-F57135D632AC}
		{061471F6-03EB-4307-A048-F4642F6A2DB7} = {6B62225C-7342-483C-964B-98B5AFC05459}
	EndGlobalSection
	GlobalSection(ExtensibilityGlobals) = postSolution
		SolutionGuid = {14A87E9B-1CDC-4BC8-9F60-6000A760CEDF}
	EndGlobalSection
EndGlobal
